
Microsoft Visual Studio Solution File, Format Version 12.00
# Visual Studio Version 17
VisualStudioVersion = 17.11.35222.181
MinimumVisualStudioVersion = 10.0.40219.1
Project("{8BC9CEB8-8B4A-11D0-8D11-00A0C91BC942}") = "1125", "1125\1125.vcxproj", "{9C147091-1585-4615-B3BD-51BAEC33E1D5}"
EndProject
Global
	GlobalSection(SolutionConfigurationPlatforms) = preSolution
		Debug|x64 = Debug|x64
		Debug|x86 = Debug|x86
		Release|x64 = Release|x64
		Release|x86 = Release|x86
	EndGlobalSection
	GlobalSection(ProjectConfigurationPlatforms) = postSolution
		{9C147091-1585-4615-B3BD-51BAEC33E1D5}.Debug|x64.ActiveCfg = Debug|x64
		{9C147091-1585-4615-B3BD-51BAEC33E1D5}.Debug|x64.Build.0 = Debug|x64
		{9C147091-1585-4615-B3BD-51BAEC33E1D5}.Debug|x86.ActiveCfg = Debug|Win32
		{9C147091-1585-4615-B3BD-51BAEC33E1D5}.Debug|x86.Build.0 = Debug|Win32
		{9C147091-1585-4615-B3BD-51BAEC33E1D5}.Release|x64.ActiveCfg = Release|x64
		{9C147091-1585-4615-B3BD-51BAEC33E1D5}.Release|x64.Build.0 = Release|x64
		{9C147091-1585-4615-B3BD-51BAEC33E1D5}.Release|x86.ActiveCfg = Release|Win32
		{9C147091-1585-4615-B3BD-51BAEC33E1D5}.Release|x86.Build.0 = Release|Win32
	EndGlobalSection
	GlobalSection(SolutionProperties) = preSolution
		HideSolutionNode = FALSE
	EndGlobalSection
	GlobalSection(ExtensibilityGlobals) = postSolution
		SolutionGuid = {A24FDCA8-BB44-43C8-A3FA-8689280CA888}
	EndGlobalSection
EndGlobal
